// !$*UTF8*$!
{
	archiveVersion = 1;
	classes = {
	};
	objectVersion = 56;
	objects = {

/* Begin PBXBuildFile section */
		5F33FE82294ACB9F00F42FC6 /* ChampListModelResponse.swift in Sources */ = {isa = PBXBuildFile; fileRef = 5F33FE81294ACB9F00F42FC6 /* ChampListModelResponse.swift */; };
		5F33FE8D294ACD1C00F42FC6 /* ChampService.swift in Sources */ = {isa = PBXBuildFile; fileRef = 5F33FE8C294ACD1C00F42FC6 /* ChampService.swift */; };
		5F33FE90294B89A000F42FC6 /* ChampDetail.swift in Sources */ = {isa = PBXBuildFile; fileRef = 5F33FE8F294B89A000F42FC6 /* ChampDetail.swift */; };
		5F33FE93294B8F4400F42FC6 /* ChampDetailViewModel.swift in Sources */ = {isa = PBXBuildFile; fileRef = 5F33FE92294B8F4400F42FC6 /* ChampDetailViewModel.swift */; };
		5F33FE95294B8FD500F42FC6 /* ChampDetailModel.swift in Sources */ = {isa = PBXBuildFile; fileRef = 5F33FE94294B8FD500F42FC6 /* ChampDetailModel.swift */; };
		5F33FE97294B910200F42FC6 /* ChampDetailResponse.swift in Sources */ = {isa = PBXBuildFile; fileRef = 5F33FE96294B910200F42FC6 /* ChampDetailResponse.swift */; };
		5FD083DD294983690030CD40 /* LoLGraphs_iOSApp.swift in Sources */ = {isa = PBXBuildFile; fileRef = 5FD083DC294983690030CD40 /* LoLGraphs_iOSApp.swift */; };
		5FD083DF294983690030CD40 /* ListChamps.swift in Sources */ = {isa = PBXBuildFile; fileRef = 5FD083DE294983690030CD40 /* ListChamps.swift */; };
		5FD083E12949836A0030CD40 /* Assets.xcassets in Resources */ = {isa = PBXBuildFile; fileRef = 5FD083E02949836A0030CD40 /* Assets.xcassets */; };
		5FD083E52949836A0030CD40 /* Preview Assets.xcassets in Resources */ = {isa = PBXBuildFile; fileRef = 5FD083E42949836A0030CD40 /* Preview Assets.xcassets */; };
		5FD083EC29498A360030CD40 /* ListChampsViewModel.swift in Sources */ = {isa = PBXBuildFile; fileRef = 5FD083EB29498A360030CD40 /* ListChampsViewModel.swift */; };
		5FD083EE29498A750030CD40 /* ChampListModel.swift in Sources */ = {isa = PBXBuildFile; fileRef = 5FD083ED29498A750030CD40 /* ChampListModel.swift */; };
/* End PBXBuildFile section */

/* Begin PBXFileReference section */
		5F33FE81294ACB9F00F42FC6 /* ChampListModelResponse.swift */ = {isa = PBXFileReference; lastKnownFileType = sourcecode.swift; path = ChampListModelResponse.swift; sourceTree = "<group>"; };
		5F33FE8C294ACD1C00F42FC6 /* ChampService.swift */ = {isa = PBXFileReference; lastKnownFileType = sourcecode.swift; path = ChampService.swift; sourceTree = "<group>"; };
		5F33FE8F294B89A000F42FC6 /* ChampDetail.swift */ = {isa = PBXFileReference; lastKnownFileType = sourcecode.swift; path = ChampDetail.swift; sourceTree = "<group>"; };
		5F33FE92294B8F4400F42FC6 /* ChampDetailViewModel.swift */ = {isa = PBXFileReference; lastKnownFileType = sourcecode.swift; path = ChampDetailViewModel.swift; sourceTree = "<group>"; };
		5F33FE94294B8FD500F42FC6 /* ChampDetailModel.swift */ = {isa = PBXFileReference; lastKnownFileType = sourcecode.swift; path = ChampDetailModel.swift; sourceTree = "<group>"; };
		5F33FE96294B910200F42FC6 /* ChampDetailResponse.swift */ = {isa = PBXFileReference; lastKnownFileType = sourcecode.swift; path = ChampDetailResponse.swift; sourceTree = "<group>"; };
		5F96EBF5294A8175004B3195 /* Info.plist */ = {isa = PBXFileReference; lastKnownFileType = text.plist; path = Info.plist; sourceTree = "<group>"; };
		5FD083D9294983690030CD40 /* LoLGraphs-iOS.app */ = {isa = PBXFileReference; explicitFileType = wrapper.application; includeInIndex = 0; path = "LoLGraphs-iOS.app"; sourceTree = BUILT_PRODUCTS_DIR; };
		5FD083DC294983690030CD40 /* LoLGraphs_iOSApp.swift */ = {isa = PBXFileReference; lastKnownFileType = sourcecode.swift; path = LoLGraphs_iOSApp.swift; sourceTree = "<group>"; };
		5FD083DE294983690030CD40 /* ListChamps.swift */ = {isa = PBXFileReference; lastKnownFileType = sourcecode.swift; path = ListChamps.swift; sourceTree = "<group>"; };
		5FD083E02949836A0030CD40 /* Assets.xcassets */ = {isa = PBXFileReference; lastKnownFileType = folder.assetcatalog; path = Assets.xcassets; sourceTree = "<group>"; };
		5FD083E22949836A0030CD40 /* LoLGraphs_iOS.entitlements */ = {isa = PBXFileReference; lastKnownFileType = text.plist.entitlements; path = LoLGraphs_iOS.entitlements; sourceTree = "<group>"; };
		5FD083E42949836A0030CD40 /* Preview Assets.xcassets */ = {isa = PBXFileReference; lastKnownFileType = folder.assetcatalog; path = "Preview Assets.xcassets"; sourceTree = "<group>"; };
		5FD083EB29498A360030CD40 /* ListChampsViewModel.swift */ = {isa = PBXFileReference; lastKnownFileType = sourcecode.swift; path = ListChampsViewModel.swift; sourceTree = "<group>"; };
		5FD083ED29498A750030CD40 /* ChampListModel.swift */ = {isa = PBXFileReference; lastKnownFileType = sourcecode.swift; path = ChampListModel.swift; sourceTree = "<group>"; };
/* End PBXFileReference section */

/* Begin PBXFrameworksBuildPhase section */
		5FD083D6294983690030CD40 /* Frameworks */ = {
			isa = PBXFrameworksBuildPhase;
			buildActionMask = 2147483647;
			files = (
			);
			runOnlyForDeploymentPostprocessing = 0;
		};
/* End PBXFrameworksBuildPhase section */

/* Begin PBXGroup section */
		5F33FE83294ACC8300F42FC6 /* View */ = {
			isa = PBXGroup;
			children = (
				5F33FE8E294B897F00F42FC6 /* ChampDetail */,
				5FD083DE294983690030CD40 /* ListChamps.swift */,
			);
			path = View;
			sourceTree = "<group>";
		};
		5F33FE84294ACC8A00F42FC6 /* ViewModel */ = {
			isa = PBXGroup;
			children = (
				5F33FE91294B8F2800F42FC6 /* ChampDetailViewModel */,
				5FD083EB29498A360030CD40 /* ListChampsViewModel.swift */,
			);
			path = ViewModel;
			sourceTree = "<group>";
		};
		5F33FE85294ACC9500F42FC6 /* Model */ = {
			isa = PBXGroup;
			children = (
				5FD083ED29498A750030CD40 /* ChampListModel.swift */,
				5F33FE94294B8FD500F42FC6 /* ChampDetailModel.swift */,
			);
			path = Model;
			sourceTree = "<group>";
		};
		5F33FE86294ACCAE00F42FC6 /* DataModel */ = {
			isa = PBXGroup;
			children = (
				5F33FE96294B910200F42FC6 /* ChampDetailResponse.swift */,
				5F33FE81294ACB9F00F42FC6 /* ChampListModelResponse.swift */,
			);
			path = DataModel;
			sourceTree = "<group>";
		};
		5F33FE87294ACCCC00F42FC6 /* Data */ = {
			isa = PBXGroup;
			children = (
				5F33FE88294ACCD500F42FC6 /* Services */,
			);
			path = Data;
			sourceTree = "<group>";
		};
		5F33FE88294ACCD500F42FC6 /* Services */ = {
			isa = PBXGroup;
			children = (
				5F33FE8B294ACD0100F42FC6 /* ChampService */,
			);
			path = Services;
			sourceTree = "<group>";
		};
		5F33FE8B294ACD0100F42FC6 /* ChampService */ = {
			isa = PBXGroup;
			children = (
				5F33FE8C294ACD1C00F42FC6 /* ChampService.swift */,
			);
			path = ChampService;
			sourceTree = "<group>";
		};
		5F33FE8E294B897F00F42FC6 /* ChampDetail */ = {
			isa = PBXGroup;
			children = (
				5F33FE8F294B89A000F42FC6 /* ChampDetail.swift */,
			);
			path = ChampDetail;
			sourceTree = "<group>";
		};
		5F33FE91294B8F2800F42FC6 /* ChampDetailViewModel */ = {
			isa = PBXGroup;
			children = (
				5F33FE92294B8F4400F42FC6 /* ChampDetailViewModel.swift */,
			);
			path = ChampDetailViewModel;
			sourceTree = "<group>";
		};
		5FD083D0294983690030CD40 = {
			isa = PBXGroup;
			children = (
				5FD083DB294983690030CD40 /* LoLGraphs-iOS */,
				5FD083DA294983690030CD40 /* Products */,
			);
			sourceTree = "<group>";
		};
		5FD083DA294983690030CD40 /* Products */ = {
			isa = PBXGroup;
			children = (
				5FD083D9294983690030CD40 /* LoLGraphs-iOS.app */,
			);
			name = Products;
			sourceTree = "<group>";
		};
		5FD083DB294983690030CD40 /* LoLGraphs-iOS */ = {
			isa = PBXGroup;
			children = (
				5F96EBF5294A8175004B3195 /* Info.plist */,
				5FD083EF29498D330030CD40 /* ListChamps */,
				5FD083DC294983690030CD40 /* LoLGraphs_iOSApp.swift */,
				5FD083E02949836A0030CD40 /* Assets.xcassets */,
				5FD083E22949836A0030CD40 /* LoLGraphs_iOS.entitlements */,
				5FD083E32949836A0030CD40 /* Preview Content */,
			);
			path = "LoLGraphs-iOS";
			sourceTree = "<group>";
		};
		5FD083E32949836A0030CD40 /* Preview Content */ = {
			isa = PBXGroup;
			children = (
				5FD083E42949836A0030CD40 /* Preview Assets.xcassets */,
			);
			path = "Preview Content";
			sourceTree = "<group>";
		};
		5FD083EF29498D330030CD40 /* ListChamps */ = {
			isa = PBXGroup;
			children = (
				5F33FE87294ACCCC00F42FC6 /* Data */,
				5F33FE86294ACCAE00F42FC6 /* DataModel */,
				5F33FE85294ACC9500F42FC6 /* Model */,
				5F33FE84294ACC8A00F42FC6 /* ViewModel */,
				5F33FE83294ACC8300F42FC6 /* View */,
			);
			path = ListChamps;
			sourceTree = "<group>";
		};
/* End PBXGroup section */

/* Begin PBXNativeTarget section */
		5FD083D8294983690030CD40 /* LoLGraphs-iOS */ = {
			isa = PBXNativeTarget;
			buildConfigurationList = 5FD083E82949836A0030CD40 /* Build configuration list for PBXNativeTarget "LoLGraphs-iOS" */;
			buildPhases = (
				5FD083D5294983690030CD40 /* Sources */,
				5FD083D6294983690030CD40 /* Frameworks */,
				5FD083D7294983690030CD40 /* Resources */,
			);
			buildRules = (
			);
			dependencies = (
			);
			name = "LoLGraphs-iOS";
			productName = "LoLGraphs-iOS";
			productReference = 5FD083D9294983690030CD40 /* LoLGraphs-iOS.app */;
			productType = "com.apple.product-type.application";
		};
/* End PBXNativeTarget section */

/* Begin PBXProject section */
		5FD083D1294983690030CD40 /* Project object */ = {
			isa = PBXProject;
			attributes = {
				BuildIndependentTargetsInParallel = 1;
				LastSwiftUpdateCheck = 1410;
				LastUpgradeCheck = 1410;
				TargetAttributes = {
					5FD083D8294983690030CD40 = {
						CreatedOnToolsVersion = 14.1;
					};
				};
			};
			buildConfigurationList = 5FD083D4294983690030CD40 /* Build configuration list for PBXProject "LoLGraphs-iOS" */;
			compatibilityVersion = "Xcode 14.0";
			developmentRegion = en;
			hasScannedForEncodings = 0;
			knownRegions = (
				en,
				Base,
			);
			mainGroup = 5FD083D0294983690030CD40;
			productRefGroup = 5FD083DA294983690030CD40 /* Products */;
			projectDirPath = "";
			projectRoot = "";
			targets = (
				5FD083D8294983690030CD40 /* LoLGraphs-iOS */,
			);
		};
/* End PBXProject section */

/* Begin PBXResourcesBuildPhase section */
		5FD083D7294983690030CD40 /* Resources */ = {
			isa = PBXResourcesBuildPhase;
			buildActionMask = 2147483647;
			files = (
				5FD083E52949836A0030CD40 /* Preview Assets.xcassets in Resources */,
				5FD083E12949836A0030CD40 /* Assets.xcassets in Resources */,
			);
			runOnlyForDeploymentPostprocessing = 0;
		};
/* End PBXResourcesBuildPhase section */

/* Begin PBXSourcesBuildPhase section */
		5FD083D5294983690030CD40 /* Sources */ = {
			isa = PBXSourcesBuildPhase;
			buildActionMask = 2147483647;
			files = (
				5FD083EC29498A360030CD40 /* ListChampsViewModel.swift in Sources */,
				5FD083EE29498A750030CD40 /* ChampListModel.swift in Sources */,
				5F33FE95294B8FD500F42FC6 /* ChampDetailModel.swift in Sources */,
				5FD083DF294983690030CD40 /* ListChamps.swift in Sources */,
				5FD083DD294983690030CD40 /* LoLGraphs_iOSApp.swift in Sources */,
				5F33FE82294ACB9F00F42FC6 /* ChampListModelResponse.swift in Sources */,
				5F33FE93294B8F4400F42FC6 /* ChampDetailViewModel.swift in Sources */,
				5F33FE97294B910200F42FC6 /* ChampDetailResponse.swift in Sources */,
				5F33FE8D294ACD1C00F42FC6 /* ChampService.swift in Sources */,
				5F33FE90294B89A000F42FC6 /* ChampDetail.swift in Sources */,
			);
			runOnlyForDeploymentPostprocessing = 0;
		};
/* End PBXSourcesBuildPhase section */

/* Begin XCBuildConfiguration section */
		5FD083E62949836A0030CD40 /* Debug */ = {
			isa = XCBuildConfiguration;
			buildSettings = {
				ALWAYS_SEARCH_USER_PATHS = NO;
				CLANG_ANALYZER_NONNULL = YES;
				CLANG_ANALYZER_NUMBER_OBJECT_CONVERSION = YES_AGGRESSIVE;
				CLANG_CXX_LANGUAGE_STANDARD = "gnu++20";
				CLANG_ENABLE_MODULES = YES;
				CLANG_ENABLE_OBJC_ARC = YES;
				CLANG_ENABLE_OBJC_WEAK = YES;
				CLANG_WARN_BLOCK_CAPTURE_AUTORELEASING = YES;
				CLANG_WARN_BOOL_CONVERSION = YES;
				CLANG_WARN_COMMA = YES;
				CLANG_WARN_CONSTANT_CONVERSION = YES;
				CLANG_WARN_DEPRECATED_OBJC_IMPLEMENTATIONS = YES;
				CLANG_WARN_DIRECT_OBJC_ISA_USAGE = YES_ERROR;
				CLANG_WARN_DOCUMENTATION_COMMENTS = YES;
				CLANG_WARN_EMPTY_BODY = YES;
				CLANG_WARN_ENUM_CONVERSION = YES;
				CLANG_WARN_INFINITE_RECURSION = YES;
				CLANG_WARN_INT_CONVERSION = YES;
				CLANG_WARN_NON_LITERAL_NULL_CONVERSION = YES;
				CLANG_WARN_OBJC_IMPLICIT_RETAIN_SELF = YES;
				CLANG_WARN_OBJC_LITERAL_CONVERSION = YES;
				CLANG_WARN_OBJC_ROOT_CLASS = YES_ERROR;
				CLANG_WARN_QUOTED_INCLUDE_IN_FRAMEWORK_HEADER = YES;
				CLANG_WARN_RANGE_LOOP_ANALYSIS = YES;
				CLANG_WARN_STRICT_PROTOTYPES = YES;
				CLANG_WARN_SUSPICIOUS_MOVE = YES;
				CLANG_WARN_UNGUARDED_AVAILABILITY = YES_AGGRESSIVE;
				CLANG_WARN_UNREACHABLE_CODE = YES;
				CLANG_WARN__DUPLICATE_METHOD_MATCH = YES;
				COPY_PHASE_STRIP = NO;
				DEBUG_INFORMATION_FORMAT = dwarf;
				ENABLE_STRICT_OBJC_MSGSEND = YES;
				ENABLE_TESTABILITY = YES;
				GCC_C_LANGUAGE_STANDARD = gnu11;
				GCC_DYNAMIC_NO_PIC = NO;
				GCC_NO_COMMON_BLOCKS = YES;
				GCC_OPTIMIZATION_LEVEL = 0;
				GCC_PREPROCESSOR_DEFINITIONS = (
					"DEBUG=1",
					"$(inherited)",
				);
				GCC_WARN_64_TO_32_BIT_CONVERSION = YES;
				GCC_WARN_ABOUT_RETURN_TYPE = YES_ERROR;
				GCC_WARN_UNDECLARED_SELECTOR = YES;
				GCC_WARN_UNINITIALIZED_AUTOS = YES_AGGRESSIVE;
				GCC_WARN_UNUSED_FUNCTION = YES;
				GCC_WARN_UNUSED_VARIABLE = YES;
				MTL_ENABLE_DEBUG_INFO = INCLUDE_SOURCE;
				MTL_FAST_MATH = YES;
				ONLY_ACTIVE_ARCH = YES;
				SWIFT_ACTIVE_COMPILATION_CONDITIONS = DEBUG;
				SWIFT_OPTIMIZATION_LEVEL = "-Onone";
			};
			name = Debug;
		};
		5FD083E72949836A0030CD40 /* Release */ = {
			isa = XCBuildConfiguration;
			buildSettings = {
				ALWAYS_SEARCH_USER_PATHS = NO;
				CLANG_ANALYZER_NONNULL = YES;
				CLANG_ANALYZER_NUMBER_OBJECT_CONVERSION = YES_AGGRESSIVE;
				CLANG_CXX_LANGUAGE_STANDARD = "gnu++20";
				CLANG_ENABLE_MODULES = YES;
				CLANG_ENABLE_OBJC_ARC = YES;
				CLANG_ENABLE_OBJC_WEAK = YES;
				CLANG_WARN_BLOCK_CAPTURE_AUTORELEASING = YES;
				CLANG_WARN_BOOL_CONVERSION = YES;
				CLANG_WARN_COMMA = YES;
				CLANG_WARN_CONSTANT_CONVERSION = YES;
				CLANG_WARN_DEPRECATED_OBJC_IMPLEMENTATIONS = YES;
				CLANG_WARN_DIRECT_OBJC_ISA_USAGE = YES_ERROR;
				CLANG_WARN_DOCUMENTATION_COMMENTS = YES;
				CLANG_WARN_EMPTY_BODY = YES;
				CLANG_WARN_ENUM_CONVERSION = YES;
				CLANG_WARN_INFINITE_RECURSION = YES;
				CLANG_WARN_INT_CONVERSION = YES;
				CLANG_WARN_NON_LITERAL_NULL_CONVERSION = YES;
				CLANG_WARN_OBJC_IMPLICIT_RETAIN_SELF = YES;
				CLANG_WARN_OBJC_LITERAL_CONVERSION = YES;
				CLANG_WARN_OBJC_ROOT_CLASS = YES_ERROR;
				CLANG_WARN_QUOTED_INCLUDE_IN_FRAMEWORK_HEADER = YES;
				CLANG_WARN_RANGE_LOOP_ANALYSIS = YES;
				CLANG_WARN_STRICT_PROTOTYPES = YES;
				CLANG_WARN_SUSPICIOUS_MOVE = YES;
				CLANG_WARN_UNGUARDED_AVAILABILITY = YES_AGGRESSIVE;
				CLANG_WARN_UNREACHABLE_CODE = YES;
				CLANG_WARN__DUPLICATE_METHOD_MATCH = YES;
				COPY_PHASE_STRIP = NO;
				DEBUG_INFORMATION_FORMAT = "dwarf-with-dsym";
				ENABLE_NS_ASSERTIONS = NO;
				ENABLE_STRICT_OBJC_MSGSEND = YES;
				GCC_C_LANGUAGE_STANDARD = gnu11;
				GCC_NO_COMMON_BLOCKS = YES;
				GCC_WARN_64_TO_32_BIT_CONVERSION = YES;
				GCC_WARN_ABOUT_RETURN_TYPE = YES_ERROR;
				GCC_WARN_UNDECLARED_SELECTOR = YES;
				GCC_WARN_UNINITIALIZED_AUTOS = YES_AGGRESSIVE;
				GCC_WARN_UNUSED_FUNCTION = YES;
				GCC_WARN_UNUSED_VARIABLE = YES;
				MTL_ENABLE_DEBUG_INFO = NO;
				MTL_FAST_MATH = YES;
				SWIFT_COMPILATION_MODE = wholemodule;
				SWIFT_OPTIMIZATION_LEVEL = "-O";
			};
			name = Release;
		};
		5FD083E92949836A0030CD40 /* Debug */ = {
			isa = XCBuildConfiguration;
			buildSettings = {
				ASSETCATALOG_COMPILER_APPICON_NAME = AppIcon;
				ASSETCATALOG_COMPILER_GLOBAL_ACCENT_COLOR_NAME = AccentColor;
				CODE_SIGN_ENTITLEMENTS = "LoLGraphs-iOS/LoLGraphs_iOS.entitlements";
				CODE_SIGN_STYLE = Automatic;
				CURRENT_PROJECT_VERSION = 1;
				DEVELOPMENT_ASSET_PATHS = "\"LoLGraphs-iOS/Preview Content\"";
				DEVELOPMENT_TEAM = 289S86LZ6S;
				ENABLE_HARDENED_RUNTIME = YES;
				ENABLE_PREVIEWS = YES;
				GENERATE_INFOPLIST_FILE = YES;
				INFOPLIST_FILE = "LoLGraphs-iOS/Info.plist";
				"INFOPLIST_KEY_UIApplicationSceneManifest_Generation[sdk=iphoneos*]" = YES;
				"INFOPLIST_KEY_UIApplicationSceneManifest_Generation[sdk=iphonesimulator*]" = YES;
				"INFOPLIST_KEY_UIApplicationSupportsIndirectInputEvents[sdk=iphoneos*]" = YES;
				"INFOPLIST_KEY_UIApplicationSupportsIndirectInputEvents[sdk=iphonesimulator*]" = YES;
				"INFOPLIST_KEY_UILaunchScreen_Generation[sdk=iphoneos*]" = YES;
				"INFOPLIST_KEY_UILaunchScreen_Generation[sdk=iphonesimulator*]" = YES;
				"INFOPLIST_KEY_UIStatusBarStyle[sdk=iphoneos*]" = UIStatusBarStyleDefault;
				"INFOPLIST_KEY_UIStatusBarStyle[sdk=iphonesimulator*]" = UIStatusBarStyleDefault;
				INFOPLIST_KEY_UISupportedInterfaceOrientations_iPad = "UIInterfaceOrientationPortrait UIInterfaceOrientationPortraitUpsideDown UIInterfaceOrientationLandscapeLeft UIInterfaceOrientationLandscapeRight";
				INFOPLIST_KEY_UISupportedInterfaceOrientations_iPhone = "UIInterfaceOrientationPortrait UIInterfaceOrientationLandscapeLeft UIInterfaceOrientationLandscapeRight";
				IPHONEOS_DEPLOYMENT_TARGET = 16.1;
				LD_RUNPATH_SEARCH_PATHS = "@executable_path/Frameworks";
				"LD_RUNPATH_SEARCH_PATHS[sdk=macosx*]" = "@executable_path/../Frameworks";
				MACOSX_DEPLOYMENT_TARGET = 13.0;
				MARKETING_VERSION = 1.0;
				PRODUCT_BUNDLE_IDENTIFIER = "com.LoLGraphs-iOS";
				PRODUCT_NAME = "$(TARGET_NAME)";
				SDKROOT = auto;
				SUPPORTED_PLATFORMS = "iphoneos iphonesimulator";
				SUPPORTS_MACCATALYST = NO;
				SUPPORTS_MAC_DESIGNED_FOR_IPHONE_IPAD = NO;
				SWIFT_EMIT_LOC_STRINGS = YES;
				SWIFT_VERSION = 5.0;
				TARGETED_DEVICE_FAMILY = "1,2";
			};
			name = Debug;
		};
		5FD083EA2949836A0030CD40 /* Release */ = {
			isa = XCBuildConfiguration;
			buildSettings = {
				ASSETCATALOG_COMPILER_APPICON_NAME = AppIcon;
				ASSETCATALOG_COMPILER_GLOBAL_ACCENT_COLOR_NAME = AccentColor;
				CODE_SIGN_ENTITLEMENTS = "LoLGraphs-iOS/LoLGraphs_iOS.entitlements";
				CODE_SIGN_STYLE = Automatic;
				CURRENT_PROJECT_VERSION = 1;
				DEVELOPMENT_ASSET_PATHS = "\"LoLGraphs-iOS/Preview Content\"";
				DEVELOPMENT_TEAM = 289S86LZ6S;
				ENABLE_HARDENED_RUNTIME = YES;
				ENABLE_PREVIEWS = YES;
				GENERATE_INFOPLIST_FILE = YES;
				INFOPLIST_FILE = "LoLGraphs-iOS/Info.plist";
				"INFOPLIST_KEY_UIApplicationSceneManifest_Generation[sdk=iphoneos*]" = YES;
				"INFOPLIST_KEY_UIApplicationSceneManifest_Generation[sdk=iphonesimulator*]" = YES;
				"INFOPLIST_KEY_UIApplicationSupportsIndirectInputEvents[sdk=iphoneos*]" = YES;
				"INFOPLIST_KEY_UIApplicationSupportsIndirectInputEvents[sdk=iphonesimulator*]" = YES;
				"INFOPLIST_KEY_UILaunchScreen_Generation[sdk=iphoneos*]" = YES;
				"INFOPLIST_KEY_UILaunchScreen_Generation[sdk=iphonesimulator*]" = YES;
				"INFOPLIST_KEY_UIStatusBarStyle[sdk=iphoneos*]" = UIStatusBarStyleDefault;
				"INFOPLIST_KEY_UIStatusBarStyle[sdk=iphonesimulator*]" = UIStatusBarStyleDefault;
				INFOPLIST_KEY_UISupportedInterfaceOrientations_iPad = "UIInterfaceOrientationPortrait UIInterfaceOrientationPortraitUpsideDown UIInterfaceOrientationLandscapeLeft UIInterfaceOrientationLandscapeRight";
				INFOPLIST_KEY_UISupportedInterfaceOrientations_iPhone = "UIInterfaceOrientationPortrait UIInterfaceOrientationLandscapeLeft UIInterfaceOrientationLandscapeRight";
				IPHONEOS_DEPLOYMENT_TARGET = 16.1;
				LD_RUNPATH_SEARCH_PATHS = "@executable_path/Frameworks";
				"LD_RUNPATH_SEARCH_PATHS[sdk=macosx*]" = "@executable_path/../Frameworks";
				MACOSX_DEPLOYMENT_TARGET = 13.0;
				MARKETING_VERSION = 1.0;
				PRODUCT_BUNDLE_IDENTIFIER = "com.LoLGraphs-iOS";
				PRODUCT_NAME = "$(TARGET_NAME)";
				SDKROOT = auto;
				SUPPORTED_PLATFORMS = "iphoneos iphonesimulator";
				SUPPORTS_MACCATALYST = NO;
				SUPPORTS_MAC_DESIGNED_FOR_IPHONE_IPAD = NO;
				SWIFT_EMIT_LOC_STRINGS = YES;
				SWIFT_VERSION = 5.0;
				TARGETED_DEVICE_FAMILY = "1,2";
			};
			name = Release;
		};
/* End XCBuildConfiguration section */

/* Begin XCConfigurationList section */
		5FD083D4294983690030CD40 /* Build configuration list for PBXProject "LoLGraphs-iOS" */ = {
			isa = XCConfigurationList;
			buildConfigurations = (
				5FD083E62949836A0030CD40 /* Debug */,
				5FD083E72949836A0030CD40 /* Release */,
			);
			defaultConfigurationIsVisible = 0;
			defaultConfigurationName = Release;
		};
		5FD083E82949836A0030CD40 /* Build configuration list for PBXNativeTarget "LoLGraphs-iOS" */ = {
			isa = XCConfigurationList;
			buildConfigurations = (
				5FD083E92949836A0030CD40 /* Debug */,
				5FD083EA2949836A0030CD40 /* Release */,
			);
			defaultConfigurationIsVisible = 0;
			defaultConfigurationName = Release;
		};
/* End XCConfigurationList section */
	};
	rootObject = 5FD083D1294983690030CD40 /* Project object */;
}
